// !$*UTF8*$!
{
	archiveVersion = 1;
	classes = {
	};
	objectVersion = 48;
	objects = {

/* Begin PBXBuildFile section */
		755451881F7ADB4800E77E88 /* TODO.swift in Sources */ = {isa = PBXBuildFile; fileRef = 755451871F7ADB4800E77E88 /* TODO.swift */; };
		7554518A1F7ADBE900E77E88 /* TestViewController.swift in Sources */ = {isa = PBXBuildFile; fileRef = 755451891F7ADBE900E77E88 /* TestViewController.swift */; };
		7554518C1F7AE85500E77E88 /* BKBoxProtocols.swift in Sources */ = {isa = PBXBuildFile; fileRef = 7554518B1F7AE85500E77E88 /* BKBoxProtocols.swift */; };
		7554518E1F7AE89800E77E88 /* BKTileNode.swift in Sources */ = {isa = PBXBuildFile; fileRef = 7554518D1F7AE89800E77E88 /* BKTileNode.swift */; };
		F77214AC1F7B8AFF00C3224D /* SCNVector3+Extensions.swift in Sources */ = {isa = PBXBuildFile; fileRef = F77214AB1F7B8AFF00C3224D /* SCNVector3+Extensions.swift */; };
		F77214BA1F7BAE2D00C3224D /* ARSCNView+Extensions.swift in Sources */ = {isa = PBXBuildFile; fileRef = F77214B91F7BAE2D00C3224D /* ARSCNView+Extensions.swift */; };
		F77214BC1F7BB04A00C3224D /* SCNTransaction+Extensions.swift in Sources */ = {isa = PBXBuildFile; fileRef = F77214BB1F7BB04A00C3224D /* SCNTransaction+Extensions.swift */; };
		F77214C21F7BCDE900C3224D /* BKSceneManager.swift in Sources */ = {isa = PBXBuildFile; fileRef = F77214C11F7BCDE900C3224D /* BKSceneManager.swift */; };
		F77B32941F7ABD8D004259B8 /* ARBoxKit.framework in Frameworks */ = {isa = PBXBuildFile; fileRef = F77B328A1F7ABD8D004259B8 /* ARBoxKit.framework */; };
		F77B32991F7ABD8D004259B8 /* ARBoxKitTests.swift in Sources */ = {isa = PBXBuildFile; fileRef = F77B32981F7ABD8D004259B8 /* ARBoxKitTests.swift */; };
		F77B329B1F7ABD8D004259B8 /* ARBoxKit.h in Headers */ = {isa = PBXBuildFile; fileRef = F77B328D1F7ABD8D004259B8 /* ARBoxKit.h */; settings = {ATTRIBUTES = (Public, ); }; };
		F77B32AC1F7ABFC1004259B8 /* AppDelegate.swift in Sources */ = {isa = PBXBuildFile; fileRef = F77B32AB1F7ABFC1004259B8 /* AppDelegate.swift */; };
		F77B32B31F7ABFC1004259B8 /* Main.storyboard in Resources */ = {isa = PBXBuildFile; fileRef = F77B32B11F7ABFC1004259B8 /* Main.storyboard */; };
		F77B32B51F7ABFC1004259B8 /* Assets.xcassets in Resources */ = {isa = PBXBuildFile; fileRef = F77B32B41F7ABFC1004259B8 /* Assets.xcassets */; };
		F77B32B81F7ABFC1004259B8 /* LaunchScreen.storyboard in Resources */ = {isa = PBXBuildFile; fileRef = F77B32B61F7ABFC1004259B8 /* LaunchScreen.storyboard */; };
		F77B32BD1F7ABFD5004259B8 /* ARBoxKit.framework in Frameworks */ = {isa = PBXBuildFile; fileRef = F77B328A1F7ABD8D004259B8 /* ARBoxKit.framework */; };
		F77B32BE1F7ABFD5004259B8 /* ARBoxKit.framework in Embed Frameworks */ = {isa = PBXBuildFile; fileRef = F77B328A1F7ABD8D004259B8 /* ARBoxKit.framework */; settings = {ATTRIBUTES = (CodeSignOnCopy, RemoveHeadersOnCopy, ); }; };
		F77B32CA1F7AC0B7004259B8 /* BKViewController.swift in Sources */ = {isa = PBXBuildFile; fileRef = F77B32C91F7AC0B7004259B8 /* BKViewController.swift */; };
		F77B32CE1F7AC59B004259B8 /* BKBoxNode.swift in Sources */ = {isa = PBXBuildFile; fileRef = F77B32CD1F7AC59B004259B8 /* BKBoxNode.swift */; };
		F77B32D01F7ACEF9004259B8 /* BKPlatformNode.swift in Sources */ = {isa = PBXBuildFile; fileRef = F77B32CF1F7ACEF9004259B8 /* BKPlatformNode.swift */; };
		F77B32D31F7AF844004259B8 /* SCNGeometry+Extensions.swift in Sources */ = {isa = PBXBuildFile; fileRef = F77B32D21F7AF844004259B8 /* SCNGeometry+Extensions.swift */; };
		F79DE1051F7B793E001E0431 /* BKConstants.swift in Sources */ = {isa = PBXBuildFile; fileRef = F79DE1041F7B793E001E0431 /* BKConstants.swift */; };
/* End PBXBuildFile section */

/* Begin PBXContainerItemProxy section */
		F77B32951F7ABD8D004259B8 /* PBXContainerItemProxy */ = {
			isa = PBXContainerItemProxy;
			containerPortal = F77B32811F7ABD8D004259B8 /* Project object */;
			proxyType = 1;
			remoteGlobalIDString = F77B32891F7ABD8D004259B8;
			remoteInfo = ARBoxKit;
		};
		F77B32BF1F7ABFD5004259B8 /* PBXContainerItemProxy */ = {
			isa = PBXContainerItemProxy;
			containerPortal = F77B32811F7ABD8D004259B8 /* Project object */;
			proxyType = 1;
			remoteGlobalIDString = F77B32891F7ABD8D004259B8;
			remoteInfo = ARBoxKit;
		};
/* End PBXContainerItemProxy section */

/* Begin PBXCopyFilesBuildPhase section */
		F77B32C11F7ABFD5004259B8 /* Embed Frameworks */ = {
			isa = PBXCopyFilesBuildPhase;
			buildActionMask = 2147483647;
			dstPath = "";
			dstSubfolderSpec = 10;
			files = (
				F77B32BE1F7ABFD5004259B8 /* ARBoxKit.framework in Embed Frameworks */,
			);
			name = "Embed Frameworks";
			runOnlyForDeploymentPostprocessing = 0;
		};
/* End PBXCopyFilesBuildPhase section */

/* Begin PBXFileReference section */
		755451871F7ADB4800E77E88 /* TODO.swift */ = {isa = PBXFileReference; lastKnownFileType = sourcecode.swift; path = TODO.swift; sourceTree = "<group>"; };
		755451891F7ADBE900E77E88 /* TestViewController.swift */ = {isa = PBXFileReference; lastKnownFileType = sourcecode.swift; path = TestViewController.swift; sourceTree = "<group>"; };
		7554518B1F7AE85500E77E88 /* BKBoxProtocols.swift */ = {isa = PBXFileReference; lastKnownFileType = sourcecode.swift; path = BKBoxProtocols.swift; sourceTree = "<group>"; };
		7554518D1F7AE89800E77E88 /* BKTileNode.swift */ = {isa = PBXFileReference; lastKnownFileType = sourcecode.swift; path = BKTileNode.swift; sourceTree = "<group>"; };
		F77214AB1F7B8AFF00C3224D /* SCNVector3+Extensions.swift */ = {isa = PBXFileReference; lastKnownFileType = sourcecode.swift; path = "SCNVector3+Extensions.swift"; sourceTree = "<group>"; };
		F77214B91F7BAE2D00C3224D /* ARSCNView+Extensions.swift */ = {isa = PBXFileReference; lastKnownFileType = sourcecode.swift; path = "ARSCNView+Extensions.swift"; sourceTree = "<group>"; };
		F77214BB1F7BB04A00C3224D /* SCNTransaction+Extensions.swift */ = {isa = PBXFileReference; lastKnownFileType = sourcecode.swift; path = "SCNTransaction+Extensions.swift"; sourceTree = "<group>"; };
		F77214C11F7BCDE900C3224D /* BKSceneManager.swift */ = {isa = PBXFileReference; lastKnownFileType = sourcecode.swift; path = BKSceneManager.swift; sourceTree = "<group>"; };
		F77B328A1F7ABD8D004259B8 /* ARBoxKit.framework */ = {isa = PBXFileReference; explicitFileType = wrapper.framework; includeInIndex = 0; path = ARBoxKit.framework; sourceTree = BUILT_PRODUCTS_DIR; };
		F77B328D1F7ABD8D004259B8 /* ARBoxKit.h */ = {isa = PBXFileReference; lastKnownFileType = sourcecode.c.h; path = ARBoxKit.h; sourceTree = "<group>"; };
		F77B328E1F7ABD8D004259B8 /* Info.plist */ = {isa = PBXFileReference; lastKnownFileType = text.plist.xml; path = Info.plist; sourceTree = "<group>"; };
		F77B32931F7ABD8D004259B8 /* ARBoxKitTests.xctest */ = {isa = PBXFileReference; explicitFileType = wrapper.cfbundle; includeInIndex = 0; path = ARBoxKitTests.xctest; sourceTree = BUILT_PRODUCTS_DIR; };
		F77B32981F7ABD8D004259B8 /* ARBoxKitTests.swift */ = {isa = PBXFileReference; lastKnownFileType = sourcecode.swift; path = ARBoxKitTests.swift; sourceTree = "<group>"; };
		F77B329A1F7ABD8D004259B8 /* Info.plist */ = {isa = PBXFileReference; lastKnownFileType = text.plist.xml; path = Info.plist; sourceTree = "<group>"; };
		F77B32A91F7ABFC1004259B8 /* ARBoxBuildable.app */ = {isa = PBXFileReference; explicitFileType = wrapper.application; includeInIndex = 0; path = ARBoxBuildable.app; sourceTree = BUILT_PRODUCTS_DIR; };
		F77B32AB1F7ABFC1004259B8 /* AppDelegate.swift */ = {isa = PBXFileReference; lastKnownFileType = sourcecode.swift; path = AppDelegate.swift; sourceTree = "<group>"; };
		F77B32B21F7ABFC1004259B8 /* Base */ = {isa = PBXFileReference; lastKnownFileType = file.storyboard; name = Base; path = Base.lproj/Main.storyboard; sourceTree = "<group>"; };
		F77B32B41F7ABFC1004259B8 /* Assets.xcassets */ = {isa = PBXFileReference; lastKnownFileType = folder.assetcatalog; path = Assets.xcassets; sourceTree = "<group>"; };
		F77B32B71F7ABFC1004259B8 /* Base */ = {isa = PBXFileReference; lastKnownFileType = file.storyboard; name = Base; path = Base.lproj/LaunchScreen.storyboard; sourceTree = "<group>"; };
		F77B32B91F7ABFC1004259B8 /* Info.plist */ = {isa = PBXFileReference; lastKnownFileType = text.plist.xml; path = Info.plist; sourceTree = "<group>"; };
		F77B32C31F7AC02F004259B8 /* ARKit.framework */ = {isa = PBXFileReference; lastKnownFileType = wrapper.framework; name = ARKit.framework; path = System/Library/Frameworks/ARKit.framework; sourceTree = SDKROOT; };
		F77B32C91F7AC0B7004259B8 /* BKViewController.swift */ = {isa = PBXFileReference; lastKnownFileType = sourcecode.swift; path = BKViewController.swift; sourceTree = "<group>"; };
		F77B32CD1F7AC59B004259B8 /* BKBoxNode.swift */ = {isa = PBXFileReference; lastKnownFileType = sourcecode.swift; path = BKBoxNode.swift; sourceTree = "<group>"; };
		F77B32CF1F7ACEF9004259B8 /* BKPlatformNode.swift */ = {isa = PBXFileReference; lastKnownFileType = sourcecode.swift; path = BKPlatformNode.swift; sourceTree = "<group>"; };
		F77B32D21F7AF844004259B8 /* SCNGeometry+Extensions.swift */ = {isa = PBXFileReference; lastKnownFileType = sourcecode.swift; path = "SCNGeometry+Extensions.swift"; sourceTree = "<group>"; };
		F79DE1041F7B793E001E0431 /* BKConstants.swift */ = {isa = PBXFileReference; lastKnownFileType = sourcecode.swift; path = BKConstants.swift; sourceTree = "<group>"; };
/* End PBXFileReference section */

/* Begin PBXFrameworksBuildPhase section */
		F77B32861F7ABD8D004259B8 /* Frameworks */ = {
			isa = PBXFrameworksBuildPhase;
			buildActionMask = 2147483647;
			files = (
			);
			runOnlyForDeploymentPostprocessing = 0;
		};
		F77B32901F7ABD8D004259B8 /* Frameworks */ = {
			isa = PBXFrameworksBuildPhase;
			buildActionMask = 2147483647;
			files = (
				F77B32941F7ABD8D004259B8 /* ARBoxKit.framework in Frameworks */,
			);
			runOnlyForDeploymentPostprocessing = 0;
		};
		F77B32A61F7ABFC1004259B8 /* Frameworks */ = {
			isa = PBXFrameworksBuildPhase;
			buildActionMask = 2147483647;
			files = (
				F77B32BD1F7ABFD5004259B8 /* ARBoxKit.framework in Frameworks */,
			);
			runOnlyForDeploymentPostprocessing = 0;
		};
/* End PBXFrameworksBuildPhase section */

/* Begin PBXGroup section */
		F77214C01F7BCDD600C3224D /* Managers */ = {
			isa = PBXGroup;
			children = (
				F77214C11F7BCDE900C3224D /* BKSceneManager.swift */,
			);
			path = Managers;
			sourceTree = "<group>";
		};
		F77B32801F7ABD8D004259B8 = {
			isa = PBXGroup;
			children = (
				755451871F7ADB4800E77E88 /* TODO.swift */,
				F77B328C1F7ABD8D004259B8 /* ARBoxKit */,
				F77B32971F7ABD8D004259B8 /* ARBoxKitTests */,
				F77B32AA1F7ABFC1004259B8 /* ARBoxBuildable */,
				F77B328B1F7ABD8D004259B8 /* Products */,
				F77B32C21F7AC02E004259B8 /* Frameworks */,
			);
			sourceTree = "<group>";
		};
		F77B328B1F7ABD8D004259B8 /* Products */ = {
			isa = PBXGroup;
			children = (
				F77B328A1F7ABD8D004259B8 /* ARBoxKit.framework */,
				F77B32931F7ABD8D004259B8 /* ARBoxKitTests.xctest */,
				F77B32A91F7ABFC1004259B8 /* ARBoxBuildable.app */,
			);
			name = Products;
			sourceTree = "<group>";
		};
		F77B328C1F7ABD8D004259B8 /* ARBoxKit */ = {
			isa = PBXGroup;
			children = (
				F79DE1041F7B793E001E0431 /* BKConstants.swift */,
				F77B32A41F7ABF80004259B8 /* Sources */,
				F77B328D1F7ABD8D004259B8 /* ARBoxKit.h */,
				F77B328E1F7ABD8D004259B8 /* Info.plist */,
			);
			path = ARBoxKit;
			sourceTree = "<group>";
		};
		F77B32971F7ABD8D004259B8 /* ARBoxKitTests */ = {
			isa = PBXGroup;
			children = (
				F77B32981F7ABD8D004259B8 /* ARBoxKitTests.swift */,
				F77B329A1F7ABD8D004259B8 /* Info.plist */,
			);
			path = ARBoxKitTests;
			sourceTree = "<group>";
		};
		F77B32A41F7ABF80004259B8 /* Sources */ = {
			isa = PBXGroup;
			children = (
				F77214C01F7BCDD600C3224D /* Managers */,
				F77B32D11F7AF82A004259B8 /* Extensions */,
				F77B32C81F7AC086004259B8 /* Nodes */,
				F77B32C61F7AC085004259B8 /* ViewControllers */,
			);
			path = Sources;
			sourceTree = "<group>";
		};
		F77B32AA1F7ABFC1004259B8 /* ARBoxBuildable */ = {
			isa = PBXGroup;
			children = (
				F77B32AB1F7ABFC1004259B8 /* AppDelegate.swift */,
				F77B32B11F7ABFC1004259B8 /* Main.storyboard */,
				F77B32B41F7ABFC1004259B8 /* Assets.xcassets */,
				F77B32B61F7ABFC1004259B8 /* LaunchScreen.storyboard */,
				F77B32B91F7ABFC1004259B8 /* Info.plist */,
				755451891F7ADBE900E77E88 /* TestViewController.swift */,
			);
			path = ARBoxBuildable;
			sourceTree = "<group>";
		};
		F77B32C21F7AC02E004259B8 /* Frameworks */ = {
			isa = PBXGroup;
			children = (
				F77B32C31F7AC02F004259B8 /* ARKit.framework */,
			);
			name = Frameworks;
			sourceTree = "<group>";
		};
		F77B32C61F7AC085004259B8 /* ViewControllers */ = {
			isa = PBXGroup;
			children = (
				F77B32C91F7AC0B7004259B8 /* BKViewController.swift */,
			);
			path = ViewControllers;
			sourceTree = "<group>";
		};
		F77B32C81F7AC086004259B8 /* Nodes */ = {
			isa = PBXGroup;
			children = (
				7554518B1F7AE85500E77E88 /* BKBoxProtocols.swift */,
				F77B32CD1F7AC59B004259B8 /* BKBoxNode.swift */,
				F77B32CF1F7ACEF9004259B8 /* BKPlatformNode.swift */,
				7554518D1F7AE89800E77E88 /* BKTileNode.swift */,
			);
			path = Nodes;
			sourceTree = "<group>";
		};
		F77B32D11F7AF82A004259B8 /* Extensions */ = {
			isa = PBXGroup;
			children = (
				F77B32D21F7AF844004259B8 /* SCNGeometry+Extensions.swift */,
				F77214AB1F7B8AFF00C3224D /* SCNVector3+Extensions.swift */,
				F77214B91F7BAE2D00C3224D /* ARSCNView+Extensions.swift */,
				F77214BB1F7BB04A00C3224D /* SCNTransaction+Extensions.swift */,
			);
			path = Extensions;
			sourceTree = "<group>";
		};
/* End PBXGroup section */

/* Begin PBXHeadersBuildPhase section */
		F77B32871F7ABD8D004259B8 /* Headers */ = {
			isa = PBXHeadersBuildPhase;
			buildActionMask = 2147483647;
			files = (
				F77B329B1F7ABD8D004259B8 /* ARBoxKit.h in Headers */,
			);
			runOnlyForDeploymentPostprocessing = 0;
		};
/* End PBXHeadersBuildPhase section */

/* Begin PBXNativeTarget section */
		F77B32891F7ABD8D004259B8 /* ARBoxKit */ = {
			isa = PBXNativeTarget;
			buildConfigurationList = F77B329E1F7ABD8D004259B8 /* Build configuration list for PBXNativeTarget "ARBoxKit" */;
			buildPhases = (
				F77B32851F7ABD8D004259B8 /* Sources */,
				F77B32861F7ABD8D004259B8 /* Frameworks */,
				F77B32871F7ABD8D004259B8 /* Headers */,
				F77B32881F7ABD8D004259B8 /* Resources */,
			);
			buildRules = (
			);
			dependencies = (
			);
			name = ARBoxKit;
			productName = ARBoxKit;
			productReference = F77B328A1F7ABD8D004259B8 /* ARBoxKit.framework */;
			productType = "com.apple.product-type.framework";
		};
		F77B32921F7ABD8D004259B8 /* ARBoxKitTests */ = {
			isa = PBXNativeTarget;
			buildConfigurationList = F77B32A11F7ABD8D004259B8 /* Build configuration list for PBXNativeTarget "ARBoxKitTests" */;
			buildPhases = (
				F77B328F1F7ABD8D004259B8 /* Sources */,
				F77B32901F7ABD8D004259B8 /* Frameworks */,
				F77B32911F7ABD8D004259B8 /* Resources */,
			);
			buildRules = (
			);
			dependencies = (
				F77B32961F7ABD8D004259B8 /* PBXTargetDependency */,
			);
			name = ARBoxKitTests;
			productName = ARBoxKitTests;
			productReference = F77B32931F7ABD8D004259B8 /* ARBoxKitTests.xctest */;
			productType = "com.apple.product-type.bundle.unit-test";
		};
		F77B32A81F7ABFC1004259B8 /* ARBoxBuildable */ = {
			isa = PBXNativeTarget;
			buildConfigurationList = F77B32BA1F7ABFC1004259B8 /* Build configuration list for PBXNativeTarget "ARBoxBuildable" */;
			buildPhases = (
				F77B32A51F7ABFC1004259B8 /* Sources */,
				F77B32A61F7ABFC1004259B8 /* Frameworks */,
				F77B32A71F7ABFC1004259B8 /* Resources */,
				F77B32C11F7ABFD5004259B8 /* Embed Frameworks */,
			);
			buildRules = (
			);
			dependencies = (
				F77B32C01F7ABFD5004259B8 /* PBXTargetDependency */,
			);
			name = ARBoxBuildable;
			productName = ARBoxBuildable;
			productReference = F77B32A91F7ABFC1004259B8 /* ARBoxBuildable.app */;
			productType = "com.apple.product-type.application";
		};
/* End PBXNativeTarget section */

/* Begin PBXProject section */
		F77B32811F7ABD8D004259B8 /* Project object */ = {
			isa = PBXProject;
			attributes = {
				LastSwiftUpdateCheck = 0900;
				LastUpgradeCheck = 0900;
				ORGANIZATIONNAME = "Gleb Radchenko";
				TargetAttributes = {
					F77B32891F7ABD8D004259B8 = {
						CreatedOnToolsVersion = 9.0;
						LastSwiftMigration = 0900;
						ProvisioningStyle = Automatic;
					};
					F77B32921F7ABD8D004259B8 = {
						CreatedOnToolsVersion = 9.0;
						ProvisioningStyle = Automatic;
					};
					F77B32A81F7ABFC1004259B8 = {
						CreatedOnToolsVersion = 9.0;
						ProvisioningStyle = Automatic;
					};
				};
			};
			buildConfigurationList = F77B32841F7ABD8D004259B8 /* Build configuration list for PBXProject "ARBoxKit" */;
			compatibilityVersion = "Xcode 8.0";
			developmentRegion = en;
			hasScannedForEncodings = 0;
			knownRegions = (
				en,
				Base,
			);
			mainGroup = F77B32801F7ABD8D004259B8;
			productRefGroup = F77B328B1F7ABD8D004259B8 /* Products */;
			projectDirPath = "";
			projectRoot = "";
			targets = (
				F77B32891F7ABD8D004259B8 /* ARBoxKit */,
				F77B32921F7ABD8D004259B8 /* ARBoxKitTests */,
				F77B32A81F7ABFC1004259B8 /* ARBoxBuildable */,
			);
		};
/* End PBXProject section */

/* Begin PBXResourcesBuildPhase section */
		F77B32881F7ABD8D004259B8 /* Resources */ = {
			isa = PBXResourcesBuildPhase;
			buildActionMask = 2147483647;
			files = (
			);
			runOnlyForDeploymentPostprocessing = 0;
		};
		F77B32911F7ABD8D004259B8 /* Resources */ = {
			isa = PBXResourcesBuildPhase;
			buildActionMask = 2147483647;
			files = (
			);
			runOnlyForDeploymentPostprocessing = 0;
		};
		F77B32A71F7ABFC1004259B8 /* Resources */ = {
			isa = PBXResourcesBuildPhase;
			buildActionMask = 2147483647;
			files = (
				F77B32B81F7ABFC1004259B8 /* LaunchScreen.storyboard in Resources */,
				F77B32B51F7ABFC1004259B8 /* Assets.xcassets in Resources */,
				F77B32B31F7ABFC1004259B8 /* Main.storyboard in Resources */,
			);
			runOnlyForDeploymentPostprocessing = 0;
		};
/* End PBXResourcesBuildPhase section */

/* Begin PBXSourcesBuildPhase section */
		F77B32851F7ABD8D004259B8 /* Sources */ = {
			isa = PBXSourcesBuildPhase;
			buildActionMask = 2147483647;
			files = (
				F77B32CE1F7AC59B004259B8 /* BKBoxNode.swift in Sources */,
				F77214AC1F7B8AFF00C3224D /* SCNVector3+Extensions.swift in Sources */,
				F77214BA1F7BAE2D00C3224D /* ARSCNView+Extensions.swift in Sources */,
				F77214BC1F7BB04A00C3224D /* SCNTransaction+Extensions.swift in Sources */,
				F77B32D01F7ACEF9004259B8 /* BKPlatformNode.swift in Sources */,
				F77214C21F7BCDE900C3224D /* BKSceneManager.swift in Sources */,
				7554518E1F7AE89800E77E88 /* BKTileNode.swift in Sources */,
				7554518C1F7AE85500E77E88 /* BKBoxProtocols.swift in Sources */,
				F77B32D31F7AF844004259B8 /* SCNGeometry+Extensions.swift in Sources */,
				F77B32CA1F7AC0B7004259B8 /* BKViewController.swift in Sources */,
				F79DE1051F7B793E001E0431 /* BKConstants.swift in Sources */,
				755451881F7ADB4800E77E88 /* TODO.swift in Sources */,
			);
			runOnlyForDeploymentPostprocessing = 0;
		};
		F77B328F1F7ABD8D004259B8 /* Sources */ = {
			isa = PBXSourcesBuildPhase;
			buildActionMask = 2147483647;
			files = (
				F77B32991F7ABD8D004259B8 /* ARBoxKitTests.swift in Sources */,
			);
			runOnlyForDeploymentPostprocessing = 0;
		};
		F77B32A51F7ABFC1004259B8 /* Sources */ = {
			isa = PBXSourcesBuildPhase;
			buildActionMask = 2147483647;
			files = (
				7554518A1F7ADBE900E77E88 /* TestViewController.swift in Sources */,
				F77B32AC1F7ABFC1004259B8 /* AppDelegate.swift in Sources */,
			);
			runOnlyForDeploymentPostprocessing = 0;
		};
/* End PBXSourcesBuildPhase section */

/* Begin PBXTargetDependency section */
		F77B32961F7ABD8D004259B8 /* PBXTargetDependency */ = {
			isa = PBXTargetDependency;
			target = F77B32891F7ABD8D004259B8 /* ARBoxKit */;
			targetProxy = F77B32951F7ABD8D004259B8 /* PBXContainerItemProxy */;
		};
		F77B32C01F7ABFD5004259B8 /* PBXTargetDependency */ = {
			isa = PBXTargetDependency;
			target = F77B32891F7ABD8D004259B8 /* ARBoxKit */;
			targetProxy = F77B32BF1F7ABFD5004259B8 /* PBXContainerItemProxy */;
		};
/* End PBXTargetDependency section */

/* Begin PBXVariantGroup section */
		F77B32B11F7ABFC1004259B8 /* Main.storyboard */ = {
			isa = PBXVariantGroup;
			children = (
				F77B32B21F7ABFC1004259B8 /* Base */,
			);
			name = Main.storyboard;
			sourceTree = "<group>";
		};
		F77B32B61F7ABFC1004259B8 /* LaunchScreen.storyboard */ = {
			isa = PBXVariantGroup;
			children = (
				F77B32B71F7ABFC1004259B8 /* Base */,
			);
			name = LaunchScreen.storyboard;
			sourceTree = "<group>";
		};
/* End PBXVariantGroup section */

/* Begin XCBuildConfiguration section */
		F77B329C1F7ABD8D004259B8 /* Debug */ = {
			isa = XCBuildConfiguration;
			buildSettings = {
				ALWAYS_SEARCH_USER_PATHS = NO;
				CLANG_ANALYZER_NONNULL = YES;
				CLANG_ANALYZER_NUMBER_OBJECT_CONVERSION = YES_AGGRESSIVE;
				CLANG_CXX_LANGUAGE_STANDARD = "gnu++14";
				CLANG_CXX_LIBRARY = "libc++";
				CLANG_ENABLE_MODULES = YES;
				CLANG_ENABLE_OBJC_ARC = YES;
				CLANG_WARN_BLOCK_CAPTURE_AUTORELEASING = YES;
				CLANG_WARN_BOOL_CONVERSION = YES;
				CLANG_WARN_COMMA = YES;
				CLANG_WARN_CONSTANT_CONVERSION = YES;
				CLANG_WARN_DIRECT_OBJC_ISA_USAGE = YES_ERROR;
				CLANG_WARN_DOCUMENTATION_COMMENTS = YES;
				CLANG_WARN_EMPTY_BODY = YES;
				CLANG_WARN_ENUM_CONVERSION = YES;
				CLANG_WARN_INFINITE_RECURSION = YES;
				CLANG_WARN_INT_CONVERSION = YES;
				CLANG_WARN_NON_LITERAL_NULL_CONVERSION = YES;
				CLANG_WARN_OBJC_LITERAL_CONVERSION = YES;
				CLANG_WARN_OBJC_ROOT_CLASS = YES_ERROR;
				CLANG_WARN_RANGE_LOOP_ANALYSIS = YES;
				CLANG_WARN_STRICT_PROTOTYPES = YES;
				CLANG_WARN_SUSPICIOUS_MOVE = YES;
				CLANG_WARN_UNGUARDED_AVAILABILITY = YES_AGGRESSIVE;
				CLANG_WARN_UNREACHABLE_CODE = YES;
				CLANG_WARN__DUPLICATE_METHOD_MATCH = YES;
				CODE_SIGN_IDENTITY = "iPhone Developer";
				COPY_PHASE_STRIP = NO;
				CURRENT_PROJECT_VERSION = 1;
				DEBUG_INFORMATION_FORMAT = dwarf;
				ENABLE_STRICT_OBJC_MSGSEND = YES;
				ENABLE_TESTABILITY = YES;
				GCC_C_LANGUAGE_STANDARD = gnu11;
				GCC_DYNAMIC_NO_PIC = NO;
				GCC_NO_COMMON_BLOCKS = YES;
				GCC_OPTIMIZATION_LEVEL = 0;
				GCC_PREPROCESSOR_DEFINITIONS = (
					"DEBUG=1",
					"$(inherited)",
				);
				GCC_WARN_64_TO_32_BIT_CONVERSION = YES;
				GCC_WARN_ABOUT_RETURN_TYPE = YES_ERROR;
				GCC_WARN_UNDECLARED_SELECTOR = YES;
				GCC_WARN_UNINITIALIZED_AUTOS = YES_AGGRESSIVE;
				GCC_WARN_UNUSED_FUNCTION = YES;
				GCC_WARN_UNUSED_VARIABLE = YES;
				IPHONEOS_DEPLOYMENT_TARGET = 11.0;
				MTL_ENABLE_DEBUG_INFO = YES;
				ONLY_ACTIVE_ARCH = YES;
				SDKROOT = iphoneos;
				SWIFT_ACTIVE_COMPILATION_CONDITIONS = DEBUG;
				SWIFT_OPTIMIZATION_LEVEL = "-Onone";
				VERSIONING_SYSTEM = "apple-generic";
				VERSION_INFO_PREFIX = "";
			};
			name = Debug;
		};
		F77B329D1F7ABD8D004259B8 /* Release */ = {
			isa = XCBuildConfiguration;
			buildSettings = {
				ALWAYS_SEARCH_USER_PATHS = NO;
				CLANG_ANALYZER_NONNULL = YES;
				CLANG_ANALYZER_NUMBER_OBJECT_CONVERSION = YES_AGGRESSIVE;
				CLANG_CXX_LANGUAGE_STANDARD = "gnu++14";
				CLANG_CXX_LIBRARY = "libc++";
				CLANG_ENABLE_MODULES = YES;
				CLANG_ENABLE_OBJC_ARC = YES;
				CLANG_WARN_BLOCK_CAPTURE_AUTORELEASING = YES;
				CLANG_WARN_BOOL_CONVERSION = YES;
				CLANG_WARN_COMMA = YES;
				CLANG_WARN_CONSTANT_CONVERSION = YES;
				CLANG_WARN_DIRECT_OBJC_ISA_USAGE = YES_ERROR;
				CLANG_WARN_DOCUMENTATION_COMMENTS = YES;
				CLANG_WARN_EMPTY_BODY = YES;
				CLANG_WARN_ENUM_CONVERSION = YES;
				CLANG_WARN_INFINITE_RECURSION = YES;
				CLANG_WARN_INT_CONVERSION = YES;
				CLANG_WARN_NON_LITERAL_NULL_CONVERSION = YES;
				CLANG_WARN_OBJC_LITERAL_CONVERSION = YES;
				CLANG_WARN_OBJC_ROOT_CLASS = YES_ERROR;
				CLANG_WARN_RANGE_LOOP_ANALYSIS = YES;
				CLANG_WARN_STRICT_PROTOTYPES = YES;
				CLANG_WARN_SUSPICIOUS_MOVE = YES;
				CLANG_WARN_UNGUARDED_AVAILABILITY = YES_AGGRESSIVE;
				CLANG_WARN_UNREACHABLE_CODE = YES;
				CLANG_WARN__DUPLICATE_METHOD_MATCH = YES;
				CODE_SIGN_IDENTITY = "iPhone Developer";
				COPY_PHASE_STRIP = NO;
				CURRENT_PROJECT_VERSION = 1;
				DEBUG_INFORMATION_FORMAT = "dwarf-with-dsym";
				ENABLE_NS_ASSERTIONS = NO;
				ENABLE_STRICT_OBJC_MSGSEND = YES;
				GCC_C_LANGUAGE_STANDARD = gnu11;
				GCC_NO_COMMON_BLOCKS = YES;
				GCC_WARN_64_TO_32_BIT_CONVERSION = YES;
				GCC_WARN_ABOUT_RETURN_TYPE = YES_ERROR;
				GCC_WARN_UNDECLARED_SELECTOR = YES;
				GCC_WARN_UNINITIALIZED_AUTOS = YES_AGGRESSIVE;
				GCC_WARN_UNUSED_FUNCTION = YES;
				GCC_WARN_UNUSED_VARIABLE = YES;
				IPHONEOS_DEPLOYMENT_TARGET = 11.0;
				MTL_ENABLE_DEBUG_INFO = NO;
				SDKROOT = iphoneos;
				SWIFT_OPTIMIZATION_LEVEL = "-Owholemodule";
				VALIDATE_PRODUCT = YES;
				VERSIONING_SYSTEM = "apple-generic";
				VERSION_INFO_PREFIX = "";
			};
			name = Release;
		};
		F77B329F1F7ABD8D004259B8 /* Debug */ = {
			isa = XCBuildConfiguration;
			buildSettings = {
				CLANG_ENABLE_MODULES = YES;
				CODE_SIGN_IDENTITY = "";
				"CODE_SIGN_IDENTITY[sdk=iphoneos*]" = "iPhone Developer";
				CODE_SIGN_STYLE = Automatic;
				DEFINES_MODULE = YES;
				DEVELOPMENT_TEAM = "";
				DYLIB_COMPATIBILITY_VERSION = 1;
				DYLIB_CURRENT_VERSION = 1;
				DYLIB_INSTALL_NAME_BASE = "@rpath";
				INFOPLIST_FILE = ARBoxKit/Info.plist;
				INSTALL_PATH = "$(LOCAL_LIBRARY_DIR)/Frameworks";
				LD_RUNPATH_SEARCH_PATHS = "$(inherited) @executable_path/Frameworks @loader_path/Frameworks";
				PRODUCT_BUNDLE_IDENTIFIER = gleb.radchenko.ARBoxKit;
				PRODUCT_NAME = "$(TARGET_NAME:c99extidentifier)";
				PROVISIONING_PROFILE_SPECIFIER = "";
				SKIP_INSTALL = YES;
				SWIFT_OPTIMIZATION_LEVEL = "-Onone";
				SWIFT_VERSION = 4.0;
				TARGETED_DEVICE_FAMILY = "1,2";
			};
			name = Debug;
		};
		F77B32A01F7ABD8D004259B8 /* Release */ = {
			isa = XCBuildConfiguration;
			buildSettings = {
				CLANG_ENABLE_MODULES = YES;
				CODE_SIGN_IDENTITY = "";
				"CODE_SIGN_IDENTITY[sdk=iphoneos*]" = "iPhone Developer";
				CODE_SIGN_STYLE = Automatic;
				DEFINES_MODULE = YES;
				DEVELOPMENT_TEAM = "";
				DYLIB_COMPATIBILITY_VERSION = 1;
				DYLIB_CURRENT_VERSION = 1;
				DYLIB_INSTALL_NAME_BASE = "@rpath";
				INFOPLIST_FILE = ARBoxKit/Info.plist;
				INSTALL_PATH = "$(LOCAL_LIBRARY_DIR)/Frameworks";
				LD_RUNPATH_SEARCH_PATHS = "$(inherited) @executable_path/Frameworks @loader_path/Frameworks";
				PRODUCT_BUNDLE_IDENTIFIER = gleb.radchenko.ARBoxKit;
				PRODUCT_NAME = "$(TARGET_NAME:c99extidentifier)";
				PROVISIONING_PROFILE_SPECIFIER = "";
				SKIP_INSTALL = YES;
				SWIFT_VERSION = 4.0;
				TARGETED_DEVICE_FAMILY = "1,2";
			};
			name = Release;
		};
		F77B32A21F7ABD8D004259B8 /* Debug */ = {
			isa = XCBuildConfiguration;
			buildSettings = {
				ALWAYS_EMBED_SWIFT_STANDARD_LIBRARIES = YES;
				CODE_SIGN_STYLE = Automatic;
				DEVELOPMENT_TEAM = 76RXYZCS9Y;
				INFOPLIST_FILE = ARBoxKitTests/Info.plist;
				LD_RUNPATH_SEARCH_PATHS = "$(inherited) @executable_path/Frameworks @loader_path/Frameworks";
				PRODUCT_BUNDLE_IDENTIFIER = gleb.radchenko.ARBoxKitTests;
				PRODUCT_NAME = "$(TARGET_NAME)";
				SWIFT_VERSION = 4.0;
				TARGETED_DEVICE_FAMILY = "1,2";
			};
			name = Debug;
		};
		F77B32A31F7ABD8D004259B8 /* Release */ = {
			isa = XCBuildConfiguration;
			buildSettings = {
				ALWAYS_EMBED_SWIFT_STANDARD_LIBRARIES = YES;
				CODE_SIGN_STYLE = Automatic;
				DEVELOPMENT_TEAM = 76RXYZCS9Y;
				INFOPLIST_FILE = ARBoxKitTests/Info.plist;
				LD_RUNPATH_SEARCH_PATHS = "$(inherited) @executable_path/Frameworks @loader_path/Frameworks";
				PRODUCT_BUNDLE_IDENTIFIER = gleb.radchenko.ARBoxKitTests;
				PRODUCT_NAME = "$(TARGET_NAME)";
				SWIFT_VERSION = 4.0;
				TARGETED_DEVICE_FAMILY = "1,2";
			};
			name = Release;
		};
		F77B32BB1F7ABFC1004259B8 /* Debug */ = {
			isa = XCBuildConfiguration;
			buildSettings = {
				ALWAYS_EMBED_SWIFT_STANDARD_LIBRARIES = YES;
				ASSETCATALOG_COMPILER_APPICON_NAME = AppIcon;
				CODE_SIGN_STYLE = Automatic;
				DEVELOPMENT_TEAM = 76RXYZCS9Y;
				INFOPLIST_FILE = ARBoxBuildable/Info.plist;
				LD_RUNPATH_SEARCH_PATHS = "$(inherited) @executable_path/Frameworks";
				PRODUCT_BUNDLE_IDENTIFIER = gleb.radchenko.ARBoxBuildable;
				PRODUCT_NAME = "$(TARGET_NAME)";
				SWIFT_VERSION = 4.0;
				TARGETED_DEVICE_FAMILY = "1,2";
			};
			name = Debug;
		};
		F77B32BC1F7ABFC1004259B8 /* Release */ = {
			isa = XCBuildConfiguration;
			buildSettings = {
				ALWAYS_EMBED_SWIFT_STANDARD_LIBRARIES = YES;
				ASSETCATALOG_COMPILER_APPICON_NAME = AppIcon;
				CODE_SIGN_STYLE = Automatic;
				DEVELOPMENT_TEAM = 76RXYZCS9Y;
				INFOPLIST_FILE = ARBoxBuildable/Info.plist;
				LD_RUNPATH_SEARCH_PATHS = "$(inherited) @executable_path/Frameworks";
				PRODUCT_BUNDLE_IDENTIFIER = gleb.radchenko.ARBoxBuildable;
				PRODUCT_NAME = "$(TARGET_NAME)";
				SWIFT_VERSION = 4.0;
				TARGETED_DEVICE_FAMILY = "1,2";
			};
			name = Release;
		};
/* End XCBuildConfiguration section */

/* Begin XCConfigurationList section */
		F77B32841F7ABD8D004259B8 /* Build configuration list for PBXProject "ARBoxKit" */ = {
			isa = XCConfigurationList;
			buildConfigurations = (
				F77B329C1F7ABD8D004259B8 /* Debug */,
				F77B329D1F7ABD8D004259B8 /* Release */,
			);
			defaultConfigurationIsVisible = 0;
			defaultConfigurationName = Release;
		};
		F77B329E1F7ABD8D004259B8 /* Build configuration list for PBXNativeTarget "ARBoxKit" */ = {
			isa = XCConfigurationList;
			buildConfigurations = (
				F77B329F1F7ABD8D004259B8 /* Debug */,
				F77B32A01F7ABD8D004259B8 /* Release */,
			);
			defaultConfigurationIsVisible = 0;
			defaultConfigurationName = Release;
		};
		F77B32A11F7ABD8D004259B8 /* Build configuration list for PBXNativeTarget "ARBoxKitTests" */ = {
			isa = XCConfigurationList;
			buildConfigurations = (
				F77B32A21F7ABD8D004259B8 /* Debug */,
				F77B32A31F7ABD8D004259B8 /* Release */,
			);
			defaultConfigurationIsVisible = 0;
			defaultConfigurationName = Release;
		};
		F77B32BA1F7ABFC1004259B8 /* Build configuration list for PBXNativeTarget "ARBoxBuildable" */ = {
			isa = XCConfigurationList;
			buildConfigurations = (
				F77B32BB1F7ABFC1004259B8 /* Debug */,
				F77B32BC1F7ABFC1004259B8 /* Release */,
			);
			defaultConfigurationIsVisible = 0;
			defaultConfigurationName = Release;
		};
/* End XCConfigurationList section */
	};
	rootObject = F77B32811F7ABD8D004259B8 /* Project object */;
}
